// !$*UTF8*$!
{
	archiveVersion = 1;
	classes = {
	};
	objectVersion = 46;
	objects = {

/* Begin PBXBuildFile section */
		3005B628199533E200902504 /* EventsParseOperation.m in Sources */ = {isa = PBXBuildFile; fileRef = 3005B627199533E200902504 /* EventsParseOperation.m */; };
		3005B62E19953B0900902504 /* Event.m in Sources */ = {isa = PBXBuildFile; fileRef = 3005B62D19953B0900902504 /* Event.m */; };
		3005B631199562EF00902504 /* EventCell.m in Sources */ = {isa = PBXBuildFile; fileRef = 3005B630199562EF00902504 /* EventCell.m */; };
		3005B63419956ED500902504 /* EventDetailsVC.m in Sources */ = {isa = PBXBuildFile; fileRef = 3005B63319956ED500902504 /* EventDetailsVC.m */; };
		3005B6371995741800902504 /* SpeakerDetailsVC.m in Sources */ = {isa = PBXBuildFile; fileRef = 3005B6361995741800902504 /* SpeakerDetailsVC.m */; };
		3005B63919957CC100902504 /* CoreLocation.framework in Frameworks */ = {isa = PBXBuildFile; fileRef = 3005B63819957CC100902504 /* CoreLocation.framework */; };
		3005B63B1995E16C00902504 /* MessageUI.framework in Frameworks */ = {isa = PBXBuildFile; fileRef = 3005B63A1995E16C00902504 /* MessageUI.framework */; };
		3006C2EA1986E3BD00770AD6 /* HomeVC.m in Sources */ = {isa = PBXBuildFile; fileRef = 3006C2E91986E3BD00770AD6 /* HomeVC.m */; };
		3006C3C719874E6100770AD6 /* ParseOperation.m in Sources */ = {isa = PBXBuildFile; fileRef = 3006C3C619874E6100770AD6 /* ParseOperation.m */; };
		3006C3CA19874E6A00770AD6 /* News.m in Sources */ = {isa = PBXBuildFile; fileRef = 3006C3C919874E6A00770AD6 /* News.m */; };
		3006C40E1988089A00770AD6 /* ScheduleVC.m in Sources */ = {isa = PBXBuildFile; fileRef = 3006C40D1988089A00770AD6 /* ScheduleVC.m */; };
		3006C41919881FF300770AD6 /* MapKit.framework in Frameworks */ = {isa = PBXBuildFile; fileRef = 3006C41819881FF300770AD6 /* MapKit.framework */; };
		30530F4F1986C68F00D12C8D /* Foundation.framework in Frameworks */ = {isa = PBXBuildFile; fileRef = 30530F4E1986C68F00D12C8D /* Foundation.framework */; };
		30530F511986C68F00D12C8D /* CoreGraphics.framework in Frameworks */ = {isa = PBXBuildFile; fileRef = 30530F501986C68F00D12C8D /* CoreGraphics.framework */; };
		30530F531986C68F00D12C8D /* UIKit.framework in Frameworks */ = {isa = PBXBuildFile; fileRef = 30530F521986C68F00D12C8D /* UIKit.framework */; };
		30530F591986C68F00D12C8D /* InfoPlist.strings in Resources */ = {isa = PBXBuildFile; fileRef = 30530F571986C68F00D12C8D /* InfoPlist.strings */; };
		30530F5B1986C68F00D12C8D /* main.m in Sources */ = {isa = PBXBuildFile; fileRef = 30530F5A1986C68F00D12C8D /* main.m */; };
		30530F5F1986C68F00D12C8D /* AppDelegate.m in Sources */ = {isa = PBXBuildFile; fileRef = 30530F5E1986C68F00D12C8D /* AppDelegate.m */; };
		30530F621986C68F00D12C8D /* Main.storyboard in Resources */ = {isa = PBXBuildFile; fileRef = 30530F601986C68F00D12C8D /* Main.storyboard */; };
		30530F671986C68F00D12C8D /* Images.xcassets in Resources */ = {isa = PBXBuildFile; fileRef = 30530F661986C68F00D12C8D /* Images.xcassets */; };
		30530F6E1986C68F00D12C8D /* XCTest.framework in Frameworks */ = {isa = PBXBuildFile; fileRef = 30530F6D1986C68F00D12C8D /* XCTest.framework */; };
		30530F6F1986C68F00D12C8D /* Foundation.framework in Frameworks */ = {isa = PBXBuildFile; fileRef = 30530F4E1986C68F00D12C8D /* Foundation.framework */; };
		30530F701986C68F00D12C8D /* UIKit.framework in Frameworks */ = {isa = PBXBuildFile; fileRef = 30530F521986C68F00D12C8D /* UIKit.framework */; };
		30530F781986C68F00D12C8D /* InfoPlist.strings in Resources */ = {isa = PBXBuildFile; fileRef = 30530F761986C68F00D12C8D /* InfoPlist.strings */; };
		30530F7A1986C68F00D12C8D /* AppSecompTests.m in Sources */ = {isa = PBXBuildFile; fileRef = 30530F791986C68F00D12C8D /* AppSecompTests.m */; };
/* End PBXBuildFile section */

/* Begin PBXContainerItemProxy section */
		30530F711986C68F00D12C8D /* PBXContainerItemProxy */ = {
			isa = PBXContainerItemProxy;
			containerPortal = 30530F431986C68E00D12C8D /* Project object */;
			proxyType = 1;
			remoteGlobalIDString = 30530F4A1986C68F00D12C8D;
			remoteInfo = AppSecomp;
		};
/* End PBXContainerItemProxy section */

/* Begin PBXFileReference section */
		3005B626199533E200902504 /* EventsParseOperation.h */ = {isa = PBXFileReference; fileEncoding = 4; lastKnownFileType = sourcecode.c.h; path = EventsParseOperation.h; sourceTree = "<group>"; };
		3005B627199533E200902504 /* EventsParseOperation.m */ = {isa = PBXFileReference; fileEncoding = 4; lastKnownFileType = sourcecode.c.objc; path = EventsParseOperation.m; sourceTree = "<group>"; };
		3005B62C19953B0900902504 /* Event.h */ = {isa = PBXFileReference; fileEncoding = 4; lastKnownFileType = sourcecode.c.h; path = Event.h; sourceTree = "<group>"; };
		3005B62D19953B0900902504 /* Event.m */ = {isa = PBXFileReference; fileEncoding = 4; lastKnownFileType = sourcecode.c.objc; path = Event.m; sourceTree = "<group>"; };
		3005B62F199562EF00902504 /* EventCell.h */ = {isa = PBXFileReference; fileEncoding = 4; lastKnownFileType = sourcecode.c.h; path = EventCell.h; sourceTree = "<group>"; };
		3005B630199562EF00902504 /* EventCell.m */ = {isa = PBXFileReference; fileEncoding = 4; lastKnownFileType = sourcecode.c.objc; path = EventCell.m; sourceTree = "<group>"; };
		3005B63219956ED500902504 /* EventDetailsVC.h */ = {isa = PBXFileReference; fileEncoding = 4; lastKnownFileType = sourcecode.c.h; path = EventDetailsVC.h; sourceTree = "<group>"; };
		3005B63319956ED500902504 /* EventDetailsVC.m */ = {isa = PBXFileReference; fileEncoding = 4; lastKnownFileType = sourcecode.c.objc; path = EventDetailsVC.m; sourceTree = "<group>"; };
		3005B6351995741800902504 /* SpeakerDetailsVC.h */ = {isa = PBXFileReference; fileEncoding = 4; lastKnownFileType = sourcecode.c.h; path = SpeakerDetailsVC.h; sourceTree = "<group>"; };
		3005B6361995741800902504 /* SpeakerDetailsVC.m */ = {isa = PBXFileReference; fileEncoding = 4; lastKnownFileType = sourcecode.c.objc; path = SpeakerDetailsVC.m; sourceTree = "<group>"; };
		3005B63819957CC100902504 /* CoreLocation.framework */ = {isa = PBXFileReference; lastKnownFileType = wrapper.framework; name = CoreLocation.framework; path = System/Library/Frameworks/CoreLocation.framework; sourceTree = SDKROOT; };
		3005B63A1995E16C00902504 /* MessageUI.framework */ = {isa = PBXFileReference; lastKnownFileType = wrapper.framework; name = MessageUI.framework; path = System/Library/Frameworks/MessageUI.framework; sourceTree = SDKROOT; };
		3006C2E81986E3BD00770AD6 /* HomeVC.h */ = {isa = PBXFileReference; fileEncoding = 4; lastKnownFileType = sourcecode.c.h; path = HomeVC.h; sourceTree = "<group>"; };
		3006C2E91986E3BD00770AD6 /* HomeVC.m */ = {isa = PBXFileReference; fileEncoding = 4; lastKnownFileType = sourcecode.c.objc; path = HomeVC.m; sourceTree = "<group>"; };
		3006C3C519874E6100770AD6 /* ParseOperation.h */ = {isa = PBXFileReference; fileEncoding = 4; lastKnownFileType = sourcecode.c.h; path = ParseOperation.h; sourceTree = "<group>"; };
		3006C3C619874E6100770AD6 /* ParseOperation.m */ = {isa = PBXFileReference; fileEncoding = 4; lastKnownFileType = sourcecode.c.objc; path = ParseOperation.m; sourceTree = "<group>"; };
		3006C3C819874E6A00770AD6 /* News.h */ = {isa = PBXFileReference; fileEncoding = 4; lastKnownFileType = sourcecode.c.h; path = News.h; sourceTree = "<group>"; };
		3006C3C919874E6A00770AD6 /* News.m */ = {isa = PBXFileReference; fileEncoding = 4; lastKnownFileType = sourcecode.c.objc; path = News.m; sourceTree = "<group>"; };
		3006C40C1988089A00770AD6 /* ScheduleVC.h */ = {isa = PBXFileReference; fileEncoding = 4; lastKnownFileType = sourcecode.c.h; path = ScheduleVC.h; sourceTree = "<group>"; };
		3006C40D1988089A00770AD6 /* ScheduleVC.m */ = {isa = PBXFileReference; fileEncoding = 4; lastKnownFileType = sourcecode.c.objc; path = ScheduleVC.m; sourceTree = "<group>"; };
		3006C41819881FF300770AD6 /* MapKit.framework */ = {isa = PBXFileReference; lastKnownFileType = wrapper.framework; name = MapKit.framework; path = System/Library/Frameworks/MapKit.framework; sourceTree = SDKROOT; };
		30530F4B1986C68F00D12C8D /* Secomp.app */ = {isa = PBXFileReference; explicitFileType = wrapper.application; includeInIndex = 0; path = Secomp.app; sourceTree = BUILT_PRODUCTS_DIR; };
		30530F4E1986C68F00D12C8D /* Foundation.framework */ = {isa = PBXFileReference; lastKnownFileType = wrapper.framework; name = Foundation.framework; path = System/Library/Frameworks/Foundation.framework; sourceTree = SDKROOT; };
		30530F501986C68F00D12C8D /* CoreGraphics.framework */ = {isa = PBXFileReference; lastKnownFileType = wrapper.framework; name = CoreGraphics.framework; path = System/Library/Frameworks/CoreGraphics.framework; sourceTree = SDKROOT; };
		30530F521986C68F00D12C8D /* UIKit.framework */ = {isa = PBXFileReference; lastKnownFileType = wrapper.framework; name = UIKit.framework; path = System/Library/Frameworks/UIKit.framework; sourceTree = SDKROOT; };
		30530F561986C68F00D12C8D /* Secomp-Info.plist */ = {isa = PBXFileReference; lastKnownFileType = text.plist.xml; path = "Secomp-Info.plist"; sourceTree = "<group>"; };
		30530F581986C68F00D12C8D /* en */ = {isa = PBXFileReference; lastKnownFileType = text.plist.strings; name = en; path = en.lproj/InfoPlist.strings; sourceTree = "<group>"; };
		30530F5A1986C68F00D12C8D /* main.m */ = {isa = PBXFileReference; lastKnownFileType = sourcecode.c.objc; path = main.m; sourceTree = "<group>"; };
		30530F5C1986C68F00D12C8D /* Secomp-Prefix.pch */ = {isa = PBXFileReference; lastKnownFileType = sourcecode.c.h; path = "Secomp-Prefix.pch"; sourceTree = "<group>"; };
		30530F5D1986C68F00D12C8D /* AppDelegate.h */ = {isa = PBXFileReference; lastKnownFileType = sourcecode.c.h; path = AppDelegate.h; sourceTree = "<group>"; };
		30530F5E1986C68F00D12C8D /* AppDelegate.m */ = {isa = PBXFileReference; lastKnownFileType = sourcecode.c.objc; path = AppDelegate.m; sourceTree = "<group>"; };
		30530F611986C68F00D12C8D /* Base */ = {isa = PBXFileReference; lastKnownFileType = file.storyboard; name = Base; path = Base.lproj/Main.storyboard; sourceTree = "<group>"; };
		30530F661986C68F00D12C8D /* Images.xcassets */ = {isa = PBXFileReference; lastKnownFileType = folder.assetcatalog; path = Images.xcassets; sourceTree = "<group>"; };
		30530F6C1986C68F00D12C8D /* SecompTests.xctest */ = {isa = PBXFileReference; explicitFileType = wrapper.cfbundle; includeInIndex = 0; path = SecompTests.xctest; sourceTree = BUILT_PRODUCTS_DIR; };
		30530F6D1986C68F00D12C8D /* XCTest.framework */ = {isa = PBXFileReference; lastKnownFileType = wrapper.framework; name = XCTest.framework; path = Library/Frameworks/XCTest.framework; sourceTree = DEVELOPER_DIR; };
		30530F751986C68F00D12C8D /* AppSecompTests-Info.plist */ = {isa = PBXFileReference; lastKnownFileType = text.plist.xml; path = "AppSecompTests-Info.plist"; sourceTree = "<group>"; };
		30530F771986C68F00D12C8D /* en */ = {isa = PBXFileReference; lastKnownFileType = text.plist.strings; name = en; path = en.lproj/InfoPlist.strings; sourceTree = "<group>"; };
		30530F791986C68F00D12C8D /* AppSecompTests.m */ = {isa = PBXFileReference; lastKnownFileType = sourcecode.c.objc; path = AppSecompTests.m; sourceTree = "<group>"; };
/* End PBXFileReference section */

/* Begin PBXFrameworksBuildPhase section */
		30530F481986C68F00D12C8D /* Frameworks */ = {
			isa = PBXFrameworksBuildPhase;
			buildActionMask = 2147483647;
			files = (
				3005B63B1995E16C00902504 /* MessageUI.framework in Frameworks */,
				3005B63919957CC100902504 /* CoreLocation.framework in Frameworks */,
				3006C41919881FF300770AD6 /* MapKit.framework in Frameworks */,
				30530F511986C68F00D12C8D /* CoreGraphics.framework in Frameworks */,
				30530F531986C68F00D12C8D /* UIKit.framework in Frameworks */,
				30530F4F1986C68F00D12C8D /* Foundation.framework in Frameworks */,
			);
			runOnlyForDeploymentPostprocessing = 0;
		};
		30530F691986C68F00D12C8D /* Frameworks */ = {
			isa = PBXFrameworksBuildPhase;
			buildActionMask = 2147483647;
			files = (
				30530F6E1986C68F00D12C8D /* XCTest.framework in Frameworks */,
				30530F701986C68F00D12C8D /* UIKit.framework in Frameworks */,
				30530F6F1986C68F00D12C8D /* Foundation.framework in Frameworks */,
			);
			runOnlyForDeploymentPostprocessing = 0;
		};
/* End PBXFrameworksBuildPhase section */

/* Begin PBXGroup section */
		3006C2E51986E31C00770AD6 /* Model */ = {
			isa = PBXGroup;
			children = (
				3006C3C819874E6A00770AD6 /* News.h */,
				3006C3C919874E6A00770AD6 /* News.m */,
				3005B626199533E200902504 /* EventsParseOperation.h */,
				3005B627199533E200902504 /* EventsParseOperation.m */,
				3006C3C519874E6100770AD6 /* ParseOperation.h */,
				3006C3C619874E6100770AD6 /* ParseOperation.m */,
				3005B62C19953B0900902504 /* Event.h */,
				3005B62D19953B0900902504 /* Event.m */,
				3005B62F199562EF00902504 /* EventCell.h */,
				3005B630199562EF00902504 /* EventCell.m */,
			);
			name = Model;
			sourceTree = "<group>";
		};
		3006C2E61986E32200770AD6 /* View */ = {
			isa = PBXGroup;
			children = (
				30530F661986C68F00D12C8D /* Images.xcassets */,
				30530F601986C68F00D12C8D /* Main.storyboard */,
			);
			name = View;
			sourceTree = "<group>";
		};
		3006C2E71986E33C00770AD6 /* Controller */ = {
			isa = PBXGroup;
			children = (
				3006C2E81986E3BD00770AD6 /* HomeVC.h */,
				3006C2E91986E3BD00770AD6 /* HomeVC.m */,
				3005B6351995741800902504 /* SpeakerDetailsVC.h */,
				3005B6361995741800902504 /* SpeakerDetailsVC.m */,
				3005B63219956ED500902504 /* EventDetailsVC.h */,
				3005B63319956ED500902504 /* EventDetailsVC.m */,
				3006C40C1988089A00770AD6 /* ScheduleVC.h */,
				3006C40D1988089A00770AD6 /* ScheduleVC.m */,
			);
			name = Controller;
			sourceTree = "<group>";
		};
		30530F421986C68E00D12C8D = {
			isa = PBXGroup;
			children = (
				30530F541986C68F00D12C8D /* AppSecomp */,
				30530F731986C68F00D12C8D /* AppSecompTests */,
				30530F4D1986C68F00D12C8D /* Frameworks */,
				30530F4C1986C68F00D12C8D /* Products */,
			);
			sourceTree = "<group>";
		};
		30530F4C1986C68F00D12C8D /* Products */ = {
			isa = PBXGroup;
			children = (
				30530F4B1986C68F00D12C8D /* Secomp.app */,
				30530F6C1986C68F00D12C8D /* SecompTests.xctest */,
			);
			name = Products;
			sourceTree = "<group>";
		};
		30530F4D1986C68F00D12C8D /* Frameworks */ = {
			isa = PBXGroup;
			children = (
				3005B63A1995E16C00902504 /* MessageUI.framework */,
				3005B63819957CC100902504 /* CoreLocation.framework */,
				3006C41819881FF300770AD6 /* MapKit.framework */,
				30530F4E1986C68F00D12C8D /* Foundation.framework */,
				30530F501986C68F00D12C8D /* CoreGraphics.framework */,
				30530F521986C68F00D12C8D /* UIKit.framework */,
				30530F6D1986C68F00D12C8D /* XCTest.framework */,
			);
			name = Frameworks;
			sourceTree = "<group>";
		};
		30530F541986C68F00D12C8D /* AppSecomp */ = {
			isa = PBXGroup;
			children = (
				3006C2E51986E31C00770AD6 /* Model */,
				3006C2E61986E32200770AD6 /* View */,
				3006C2E71986E33C00770AD6 /* Controller */,
				30530F551986C68F00D12C8D /* Supporting Files */,
			);
			path = AppSecomp;
			sourceTree = "<group>";
		};
		30530F551986C68F00D12C8D /* Supporting Files */ = {
			isa = PBXGroup;
			children = (
				30530F5D1986C68F00D12C8D /* AppDelegate.h */,
				30530F5E1986C68F00D12C8D /* AppDelegate.m */,
				30530F561986C68F00D12C8D /* Secomp-Info.plist */,
				30530F571986C68F00D12C8D /* InfoPlist.strings */,
				30530F5A1986C68F00D12C8D /* main.m */,
				30530F5C1986C68F00D12C8D /* Secomp-Prefix.pch */,
			);
			name = "Supporting Files";
			sourceTree = "<group>";
		};
		30530F731986C68F00D12C8D /* AppSecompTests */ = {
			isa = PBXGroup;
			children = (
				30530F791986C68F00D12C8D /* AppSecompTests.m */,
				30530F741986C68F00D12C8D /* Supporting Files */,
			);
			path = AppSecompTests;
			sourceTree = "<group>";
		};
		30530F741986C68F00D12C8D /* Supporting Files */ = {
			isa = PBXGroup;
			children = (
				30530F751986C68F00D12C8D /* AppSecompTests-Info.plist */,
				30530F761986C68F00D12C8D /* InfoPlist.strings */,
			);
			name = "Supporting Files";
			sourceTree = "<group>";
		};
/* End PBXGroup section */

/* Begin PBXNativeTarget section */
		30530F4A1986C68F00D12C8D /* Secomp */ = {
			isa = PBXNativeTarget;
			buildConfigurationList = 30530F7D1986C68F00D12C8D /* Build configuration list for PBXNativeTarget "Secomp" */;
			buildPhases = (
				30530F471986C68F00D12C8D /* Sources */,
				30530F481986C68F00D12C8D /* Frameworks */,
				30530F491986C68F00D12C8D /* Resources */,
			);
			buildRules = (
			);
			dependencies = (
			);
			name = Secomp;
			productName = AppSecomp;
			productReference = 30530F4B1986C68F00D12C8D /* Secomp.app */;
			productType = "com.apple.product-type.application";
		};
		30530F6B1986C68F00D12C8D /* SecompTests */ = {
			isa = PBXNativeTarget;
			buildConfigurationList = 30530F801986C68F00D12C8D /* Build configuration list for PBXNativeTarget "SecompTests" */;
			buildPhases = (
				30530F681986C68F00D12C8D /* Sources */,
				30530F691986C68F00D12C8D /* Frameworks */,
				30530F6A1986C68F00D12C8D /* Resources */,
			);
			buildRules = (
			);
			dependencies = (
				30530F721986C68F00D12C8D /* PBXTargetDependency */,
			);
			name = SecompTests;
			productName = AppSecompTests;
			productReference = 30530F6C1986C68F00D12C8D /* SecompTests.xctest */;
			productType = "com.apple.product-type.bundle.unit-test";
		};
/* End PBXNativeTarget section */

/* Begin PBXProject section */
		30530F431986C68E00D12C8D /* Project object */ = {
			isa = PBXProject;
			attributes = {
				LastUpgradeCheck = 0510;
				ORGANIZATIONNAME = Unicamp;
				TargetAttributes = {
					30530F4A1986C68F00D12C8D = {
						DevelopmentTeam = U2A7DJ4XSH;
					};
					30530F6B1986C68F00D12C8D = {
						TestTargetID = 30530F4A1986C68F00D12C8D;
					};
				};
			};
			buildConfigurationList = 30530F461986C68E00D12C8D /* Build configuration list for PBXProject "Secomp" */;
			compatibilityVersion = "Xcode 3.2";
			developmentRegion = English;
			hasScannedForEncodings = 0;
			knownRegions = (
				en,
				Base,
			);
			mainGroup = 30530F421986C68E00D12C8D;
			productRefGroup = 30530F4C1986C68F00D12C8D /* Products */;
			projectDirPath = "";
			projectRoot = "";
			targets = (
				30530F4A1986C68F00D12C8D /* Secomp */,
				30530F6B1986C68F00D12C8D /* SecompTests */,
			);
		};
/* End PBXProject section */

/* Begin PBXResourcesBuildPhase section */
		30530F491986C68F00D12C8D /* Resources */ = {
			isa = PBXResourcesBuildPhase;
			buildActionMask = 2147483647;
			files = (
				30530F671986C68F00D12C8D /* Images.xcassets in Resources */,
				30530F591986C68F00D12C8D /* InfoPlist.strings in Resources */,
				30530F621986C68F00D12C8D /* Main.storyboard in Resources */,
			);
			runOnlyForDeploymentPostprocessing = 0;
		};
		30530F6A1986C68F00D12C8D /* Resources */ = {
			isa = PBXResourcesBuildPhase;
			buildActionMask = 2147483647;
			files = (
				30530F781986C68F00D12C8D /* InfoPlist.strings in Resources */,
			);
			runOnlyForDeploymentPostprocessing = 0;
		};
/* End PBXResourcesBuildPhase section */

/* Begin PBXSourcesBuildPhase section */
		30530F471986C68F00D12C8D /* Sources */ = {
			isa = PBXSourcesBuildPhase;
			buildActionMask = 2147483647;
			files = (
				3005B63419956ED500902504 /* EventDetailsVC.m in Sources */,
				3006C3CA19874E6A00770AD6 /* News.m in Sources */,
				3006C2EA1986E3BD00770AD6 /* HomeVC.m in Sources */,
				30530F5F1986C68F00D12C8D /* AppDelegate.m in Sources */,
				3005B62E19953B0900902504 /* Event.m in Sources */,
				3006C40E1988089A00770AD6 /* ScheduleVC.m in Sources */,
				3005B628199533E200902504 /* EventsParseOperation.m in Sources */,
				3005B6371995741800902504 /* SpeakerDetailsVC.m in Sources */,
				3005B631199562EF00902504 /* EventCell.m in Sources */,
				30530F5B1986C68F00D12C8D /* main.m in Sources */,
				3006C3C719874E6100770AD6 /* ParseOperation.m in Sources */,
			);
			runOnlyForDeploymentPostprocessing = 0;
		};
		30530F681986C68F00D12C8D /* Sources */ = {
			isa = PBXSourcesBuildPhase;
			buildActionMask = 2147483647;
			files = (
				30530F7A1986C68F00D12C8D /* AppSecompTests.m in Sources */,
			);
			runOnlyForDeploymentPostprocessing = 0;
		};
/* End PBXSourcesBuildPhase section */

/* Begin PBXTargetDependency section */
		30530F721986C68F00D12C8D /* PBXTargetDependency */ = {
			isa = PBXTargetDependency;
			target = 30530F4A1986C68F00D12C8D /* Secomp */;
			targetProxy = 30530F711986C68F00D12C8D /* PBXContainerItemProxy */;
		};
/* End PBXTargetDependency section */

/* Begin PBXVariantGroup section */
		30530F571986C68F00D12C8D /* InfoPlist.strings */ = {
			isa = PBXVariantGroup;
			children = (
				30530F581986C68F00D12C8D /* en */,
			);
			name = InfoPlist.strings;
			sourceTree = "<group>";
		};
		30530F601986C68F00D12C8D /* Main.storyboard */ = {
			isa = PBXVariantGroup;
			children = (
				30530F611986C68F00D12C8D /* Base */,
			);
			name = Main.storyboard;
			sourceTree = "<group>";
		};
		30530F761986C68F00D12C8D /* InfoPlist.strings */ = {
			isa = PBXVariantGroup;
			children = (
				30530F771986C68F00D12C8D /* en */,
			);
			name = InfoPlist.strings;
			sourceTree = "<group>";
		};
/* End PBXVariantGroup section */

/* Begin XCBuildConfiguration section */
		30530F7B1986C68F00D12C8D /* Debug */ = {
			isa = XCBuildConfiguration;
			buildSettings = {
				ALWAYS_SEARCH_USER_PATHS = NO;
				CLANG_CXX_LANGUAGE_STANDARD = "gnu++0x";
				CLANG_CXX_LIBRARY = "libc++";
				CLANG_ENABLE_MODULES = YES;
				CLANG_ENABLE_OBJC_ARC = YES;
				CLANG_WARN_BOOL_CONVERSION = YES;
				CLANG_WARN_CONSTANT_CONVERSION = YES;
				CLANG_WARN_DIRECT_OBJC_ISA_USAGE = YES_ERROR;
				CLANG_WARN_EMPTY_BODY = YES;
				CLANG_WARN_ENUM_CONVERSION = YES;
				CLANG_WARN_INT_CONVERSION = YES;
				CLANG_WARN_OBJC_ROOT_CLASS = YES_ERROR;
				CLANG_WARN__DUPLICATE_METHOD_MATCH = YES;
				"CODE_SIGN_IDENTITY[sdk=iphoneos*]" = "iPhone Developer";
				COPY_PHASE_STRIP = NO;
				GCC_C_LANGUAGE_STANDARD = gnu99;
				GCC_DYNAMIC_NO_PIC = NO;
				GCC_OPTIMIZATION_LEVEL = 0;
				GCC_PREPROCESSOR_DEFINITIONS = (
					"DEBUG=1",
					"$(inherited)",
				);
				GCC_SYMBOLS_PRIVATE_EXTERN = NO;
				GCC_WARN_64_TO_32_BIT_CONVERSION = YES;
				GCC_WARN_ABOUT_RETURN_TYPE = YES_ERROR;
				GCC_WARN_UNDECLARED_SELECTOR = YES;
				GCC_WARN_UNINITIALIZED_AUTOS = YES_AGGRESSIVE;
				GCC_WARN_UNUSED_FUNCTION = YES;
				GCC_WARN_UNUSED_VARIABLE = YES;
				IPHONEOS_DEPLOYMENT_TARGET = 7.1;
				ONLY_ACTIVE_ARCH = YES;
				SDKROOT = iphoneos;
			};
			name = Debug;
		};
		30530F7C1986C68F00D12C8D /* Release */ = {
			isa = XCBuildConfiguration;
			buildSettings = {
				ALWAYS_SEARCH_USER_PATHS = NO;
				CLANG_CXX_LANGUAGE_STANDARD = "gnu++0x";
				CLANG_CXX_LIBRARY = "libc++";
				CLANG_ENABLE_MODULES = YES;
				CLANG_ENABLE_OBJC_ARC = YES;
				CLANG_WARN_BOOL_CONVERSION = YES;
				CLANG_WARN_CONSTANT_CONVERSION = YES;
				CLANG_WARN_DIRECT_OBJC_ISA_USAGE = YES_ERROR;
				CLANG_WARN_EMPTY_BODY = YES;
				CLANG_WARN_ENUM_CONVERSION = YES;
				CLANG_WARN_INT_CONVERSION = YES;
				CLANG_WARN_OBJC_ROOT_CLASS = YES_ERROR;
				CLANG_WARN__DUPLICATE_METHOD_MATCH = YES;
				"CODE_SIGN_IDENTITY[sdk=iphoneos*]" = "iPhone Developer";
				COPY_PHASE_STRIP = YES;
				ENABLE_NS_ASSERTIONS = NO;
				GCC_C_LANGUAGE_STANDARD = gnu99;
				GCC_WARN_64_TO_32_BIT_CONVERSION = YES;
				GCC_WARN_ABOUT_RETURN_TYPE = YES_ERROR;
				GCC_WARN_UNDECLARED_SELECTOR = YES;
				GCC_WARN_UNINITIALIZED_AUTOS = YES_AGGRESSIVE;
				GCC_WARN_UNUSED_FUNCTION = YES;
				GCC_WARN_UNUSED_VARIABLE = YES;
				IPHONEOS_DEPLOYMENT_TARGET = 7.1;
				SDKROOT = iphoneos;
				VALIDATE_PRODUCT = YES;
			};
			name = Release;
		};
		30530F7E1986C68F00D12C8D /* Debug */ = {
			isa = XCBuildConfiguration;
			buildSettings = {
				ASSETCATALOG_COMPILER_APPICON_NAME = AppIcon;
				ASSETCATALOG_COMPILER_LAUNCHIMAGE_NAME = LaunchImage;
				CODE_SIGN_IDENTITY = "iPhone Developer";
				GCC_PRECOMPILE_PREFIX_HEADER = YES;
				GCC_PREFIX_HEADER = "AppSecomp/Secomp-Prefix.pch";
				INFOPLIST_FILE = "AppSecomp/Secomp-Info.plist";
				PRODUCT_NAME = Secomp;
				WRAPPER_EXTENSION = app;
			};
			name = Debug;
		};
		30530F7F1986C68F00D12C8D /* Release */ = {
			isa = XCBuildConfiguration;
			buildSettings = {
				ASSETCATALOG_COMPILER_APPICON_NAME = AppIcon;
				ASSETCATALOG_COMPILER_LAUNCHIMAGE_NAME = LaunchImage;
				CODE_SIGN_IDENTITY = "iPhone Developer";
				GCC_PRECOMPILE_PREFIX_HEADER = YES;
				GCC_PREFIX_HEADER = "AppSecomp/Secomp-Prefix.pch";
				INFOPLIST_FILE = "AppSecomp/Secomp-Info.plist";
				PRODUCT_NAME = Secomp;
				WRAPPER_EXTENSION = app;
			};
			name = Release;
		};
		30530F811986C68F00D12C8D /* Debug */ = {
			isa = XCBuildConfiguration;
			buildSettings = {
				BUNDLE_LOADER = "$(BUILT_PRODUCTS_DIR)/AppSecomp.app/AppSecomp";
				FRAMEWORK_SEARCH_PATHS = (
					"$(SDKROOT)/Developer/Library/Frameworks",
					"$(inherited)",
					"$(DEVELOPER_FRAMEWORKS_DIR)",
				);
				GCC_PRECOMPILE_PREFIX_HEADER = YES;
				GCC_PREFIX_HEADER = "AppSecomp/AppSecomp-Prefix.pch";
				GCC_PREPROCESSOR_DEFINITIONS = (
					"DEBUG=1",
					"$(inherited)",
				);
				INFOPLIST_FILE = "AppSecompTests/AppSecompTests-Info.plist";
				PRODUCT_NAME = SecompTests;
				TEST_HOST = "$(BUNDLE_LOADER)";
				WRAPPER_EXTENSION = xctest;
			};
			name = Debug;
		};
		30530F821986C68F00D12C8D /* Release */ = {
			isa = XCBuildConfiguration;
			buildSettings = {
				BUNDLE_LOADER = "$(BUILT_PRODUCTS_DIR)/AppSecomp.app/AppSecomp";
				FRAMEWORK_SEARCH_PATHS = (
					"$(SDKROOT)/Developer/Library/Frameworks",
					"$(inherited)",
					"$(DEVELOPER_FRAMEWORKS_DIR)",
				);
				GCC_PRECOMPILE_PREFIX_HEADER = YES;
				GCC_PREFIX_HEADER = "AppSecomp/AppSecomp-Prefix.pch";
				INFOPLIST_FILE = "AppSecompTests/AppSecompTests-Info.plist";
				PRODUCT_NAME = SecompTests;
				TEST_HOST = "$(BUNDLE_LOADER)";
				WRAPPER_EXTENSION = xctest;
			};
			name = Release;
		};
/* End XCBuildConfiguration section */

/* Begin XCConfigurationList section */
		30530F461986C68E00D12C8D /* Build configuration list for PBXProject "Secomp" */ = {
			isa = XCConfigurationList;
			buildConfigurations = (
				30530F7B1986C68F00D12C8D /* Debug */,
				30530F7C1986C68F00D12C8D /* Release */,
			);
			defaultConfigurationIsVisible = 0;
			defaultConfigurationName = Release;
		};
		30530F7D1986C68F00D12C8D /* Build configuration list for PBXNativeTarget "Secomp" */ = {
			isa = XCConfigurationList;
			buildConfigurations = (
				30530F7E1986C68F00D12C8D /* Debug */,
				30530F7F1986C68F00D12C8D /* Release */,
			);
			defaultConfigurationIsVisible = 0;
			defaultConfigurationName = Release;
		};
		30530F801986C68F00D12C8D /* Build configuration list for PBXNativeTarget "SecompTests" */ = {
			isa = XCConfigurationList;
			buildConfigurations = (
				30530F811986C68F00D12C8D /* Debug */,
				30530F821986C68F00D12C8D /* Release */,
			);
			defaultConfigurationIsVisible = 0;
			defaultConfigurationName = Release;
		};
/* End XCConfigurationList section */
	};
	rootObject = 30530F431986C68E00D12C8D /* Project object */;
}
